
Microsoft Visual Studio Solution File, Format Version 12.00
# Visual Studio Version 17
VisualStudioVersion = 17.0.31903.59
MinimumVisualStudioVersion = 10.0.40219.1
Project("{FAE04EC0-301F-11D3-BF4B-00C04F79EFBC}") = "SkiStore.Api", "SkiStore.Api\SkiStore.Api.csproj", "{ABAA5F03-4C68-47EE-B076-574EDE39C3E8}"
EndProject
Project("{FAE04EC0-301F-11D3-BF4B-00C04F79EFBC}") = "SkiStore.Core", "SkiStore.Core\SkiStore.Core.csproj", "{3DE61C98-C49C-4F58-8D2E-5391FA65F408}"
EndProject
Project("{FAE04EC0-301F-11D3-BF4B-00C04F79EFBC}") = "SkiStore.Infrastructure", "SkiStore.Infrastructure\SkiStore.Infrastructure.csproj", "{A37B2309-269B-4CBE-86D5-11B0D230AFBC}"
EndProject
Global
	GlobalSection(SolutionConfigurationPlatforms) = preSolution
		Debug|Any CPU = Debug|Any CPU
		Release|Any CPU = Release|Any CPU
	EndGlobalSection
	GlobalSection(SolutionProperties) = preSolution
		HideSolutionNode = FALSE
	EndGlobalSection
	GlobalSection(ProjectConfigurationPlatforms) = postSolution
		{ABAA5F03-4C68-47EE-B076-574EDE39C3E8}.Debug|Any CPU.ActiveCfg = Debug|Any CPU
		{ABAA5F03-4C68-47EE-B076-574EDE39C3E8}.Debug|Any CPU.Build.0 = Debug|Any CPU
		{ABAA5F03-4C68-47EE-B076-574EDE39C3E8}.Release|Any CPU.ActiveCfg = Release|Any CPU
		{ABAA5F03-4C68-47EE-B076-574EDE39C3E8}.Release|Any CPU.Build.0 = Release|Any CPU
		{3DE61C98-C49C-4F58-8D2E-5391FA65F408}.Debug|Any CPU.ActiveCfg = Debug|Any CPU
		{3DE61C98-C49C-4F58-8D2E-5391FA65F408}.Debug|Any CPU.Build.0 = Debug|Any CPU
		{3DE61C98-C49C-4F58-8D2E-5391FA65F408}.Release|Any CPU.ActiveCfg = Release|Any CPU
		{3DE61C98-C49C-4F58-8D2E-5391FA65F408}.Release|Any CPU.Build.0 = Release|Any CPU
		{A37B2309-269B-4CBE-86D5-11B0D230AFBC}.Debug|Any CPU.ActiveCfg = Debug|Any CPU
		{A37B2309-269B-4CBE-86D5-11B0D230AFBC}.Debug|Any CPU.Build.0 = Debug|Any CPU
		{A37B2309-269B-4CBE-86D5-11B0D230AFBC}.Release|Any CPU.ActiveCfg = Release|Any CPU
		{A37B2309-269B-4CBE-86D5-11B0D230AFBC}.Release|Any CPU.Build.0 = Release|Any CPU
	EndGlobalSection
EndGlobal
